
Microsoft Visual Studio Solution File, Format Version 12.00
# Visual Studio Version 16
VisualStudioVersion = 16.0.30413.136
MinimumVisualStudioVersion = 10.0.40219.1
Project("{9A19103F-16F7-4668-BE54-9A1E7A4F7556}") = "Persistence", "Persistence\Persistence.csproj", "{F15C0E30-1AA0-4079-94A4-EAEF9A18A919}"
EndProject
Project("{9A19103F-16F7-4668-BE54-9A1E7A4F7556}") = "ApplicationCore", "ApplicationCore\ApplicationCore.csproj", "{7E8787C3-F0EF-46FF-824D-1825BD2CCCFD}"
EndProject
Project("{9A19103F-16F7-4668-BE54-9A1E7A4F7556}") = "Presentation", "Presentation\Presentation.csproj", "{6ED1AF4D-5B80-42DA-A2E4-4F1E741A7F85}"
EndProject
Project("{9A19103F-16F7-4668-BE54-9A1E7A4F7556}") = "Domain", "Domain\Domain.csproj", "{229E873B-45C3-4390-B247-FE2685A1FFD8}"
EndProject
Project("{9A19103F-16F7-4668-BE54-9A1E7A4F7556}") = "Tests", "Tests\Tests.csproj", "{516D7F5D-226A-44C3-8D93-B6025173AD7A}"
EndProject
Project("{2150E333-8FDC-42A3-9474-1A3956D46DE8}") = "Solution Items", "Solution Items", "{5E69F313-95D7-468C-9825-D9F5EE43BC3F}"
	ProjectSection(SolutionItems) = preProject
		.editorconfig = .editorconfig
	EndProjectSection
EndProject
Global
	GlobalSection(SolutionConfigurationPlatforms) = preSolution
		Debug|Any CPU = Debug|Any CPU
		Release|Any CPU = Release|Any CPU
	EndGlobalSection
	GlobalSection(ProjectConfigurationPlatforms) = postSolution
		{F15C0E30-1AA0-4079-94A4-EAEF9A18A919}.Debug|Any CPU.ActiveCfg = Debug|Any CPU
		{F15C0E30-1AA0-4079-94A4-EAEF9A18A919}.Debug|Any CPU.Build.0 = Debug|Any CPU
		{F15C0E30-1AA0-4079-94A4-EAEF9A18A919}.Release|Any CPU.ActiveCfg = Release|Any CPU
		{F15C0E30-1AA0-4079-94A4-EAEF9A18A919}.Release|Any CPU.Build.0 = Release|Any CPU
		{7E8787C3-F0EF-46FF-824D-1825BD2CCCFD}.Debug|Any CPU.ActiveCfg = Debug|Any CPU
		{7E8787C3-F0EF-46FF-824D-1825BD2CCCFD}.Debug|Any CPU.Build.0 = Debug|Any CPU
		{7E8787C3-F0EF-46FF-824D-1825BD2CCCFD}.Release|Any CPU.ActiveCfg = Release|Any CPU
		{7E8787C3-F0EF-46FF-824D-1825BD2CCCFD}.Release|Any CPU.Build.0 = Release|Any CPU
		{6ED1AF4D-5B80-42DA-A2E4-4F1E741A7F85}.Debug|Any CPU.ActiveCfg = Debug|Any CPU
		{6ED1AF4D-5B80-42DA-A2E4-4F1E741A7F85}.Debug|Any CPU.Build.0 = Debug|Any CPU
		{6ED1AF4D-5B80-42DA-A2E4-4F1E741A7F85}.Release|Any CPU.ActiveCfg = Release|Any CPU
		{6ED1AF4D-5B80-42DA-A2E4-4F1E741A7F85}.Release|Any CPU.Build.0 = Release|Any CPU
		{229E873B-45C3-4390-B247-FE2685A1FFD8}.Debug|Any CPU.ActiveCfg = Debug|Any CPU
		{229E873B-45C3-4390-B247-FE2685A1FFD8}.Debug|Any CPU.Build.0 = Debug|Any CPU
		{229E873B-45C3-4390-B247-FE2685A1FFD8}.Release|Any CPU.ActiveCfg = Release|Any CPU
		{229E873B-45C3-4390-B247-FE2685A1FFD8}.Release|Any CPU.Build.0 = Release|Any CPU
		{516D7F5D-226A-44C3-8D93-B6025173AD7A}.Debug|Any CPU.ActiveCfg = Debug|Any CPU
		{516D7F5D-226A-44C3-8D93-B6025173AD7A}.Debug|Any CPU.Build.0 = Debug|Any CPU
		{516D7F5D-226A-44C3-8D93-B6025173AD7A}.Release|Any CPU.ActiveCfg = Release|Any CPU
		{516D7F5D-226A-44C3-8D93-B6025173AD7A}.Release|Any CPU.Build.0 = Release|Any CPU
	EndGlobalSection
	GlobalSection(SolutionProperties) = preSolution
		HideSolutionNode = FALSE
	EndGlobalSection
	GlobalSection(ExtensibilityGlobals) = postSolution
		SolutionGuid = {8E697D1A-0C67-4069-889E-E3050FD0E2AF}
	EndGlobalSection
EndGlobal
